// !$*UTF8*$!
{
	archiveVersion = 1;
	classes = {
	};
	objectVersion = 46;
	objects = {

/* Begin PBXBuildFile section */
		551B2A571DBFE3D200EE7FAC /* AppDelegate.swift in Sources */ = {isa = PBXBuildFile; fileRef = 551B2A561DBFE3D200EE7FAC /* AppDelegate.swift */; };
		551B2A5C1DBFE3D200EE7FAC /* Main.storyboard in Resources */ = {isa = PBXBuildFile; fileRef = 551B2A5A1DBFE3D200EE7FAC /* Main.storyboard */; };
		551B2A5E1DBFE3D200EE7FAC /* Assets.xcassets in Resources */ = {isa = PBXBuildFile; fileRef = 551B2A5D1DBFE3D200EE7FAC /* Assets.xcassets */; };
		551B2A611DBFE3D200EE7FAC /* LaunchScreen.storyboard in Resources */ = {isa = PBXBuildFile; fileRef = 551B2A5F1DBFE3D200EE7FAC /* LaunchScreen.storyboard */; };
		551B2A691DBFE5F100EE7FAC /* Card.swift in Sources */ = {isa = PBXBuildFile; fileRef = 551B2A681DBFE5F100EE7FAC /* Card.swift */; };
		551B2A6B1DBFE60A00EE7FAC /* PlayingCard.swift in Sources */ = {isa = PBXBuildFile; fileRef = 551B2A6A1DBFE60A00EE7FAC /* PlayingCard.swift */; };
		5532C8B51DC7C447006D8478 /* Deck.swift in Sources */ = {isa = PBXBuildFile; fileRef = 5532C8B41DC7C447006D8478 /* Deck.swift */; };
		5532C8B71DC7C456006D8478 /* PlayingCardDeck.swift in Sources */ = {isa = PBXBuildFile; fileRef = 5532C8B61DC7C456006D8478 /* PlayingCardDeck.swift */; };
		55B21BD01DC27DB6005A7AC7 /* CardGameController.swift in Sources */ = {isa = PBXBuildFile; fileRef = 55B21BCF1DC27DB6005A7AC7 /* CardGameController.swift */; };
/* End PBXBuildFile section */

/* Begin PBXFileReference section */
		551B2A531DBFE3D200EE7FAC /* CardGame.app */ = {isa = PBXFileReference; explicitFileType = wrapper.application; includeInIndex = 0; path = CardGame.app; sourceTree = BUILT_PRODUCTS_DIR; };
		551B2A561DBFE3D200EE7FAC /* AppDelegate.swift */ = {isa = PBXFileReference; lastKnownFileType = sourcecode.swift; path = AppDelegate.swift; sourceTree = "<group>"; };
		551B2A5B1DBFE3D200EE7FAC /* Base */ = {isa = PBXFileReference; lastKnownFileType = file.storyboard; name = Base; path = Base.lproj/Main.storyboard; sourceTree = "<group>"; };
		551B2A5D1DBFE3D200EE7FAC /* Assets.xcassets */ = {isa = PBXFileReference; lastKnownFileType = folder.assetcatalog; path = Assets.xcassets; sourceTree = "<group>"; };
		551B2A601DBFE3D200EE7FAC /* Base */ = {isa = PBXFileReference; lastKnownFileType = file.storyboard; name = Base; path = Base.lproj/LaunchScreen.storyboard; sourceTree = "<group>"; };
		551B2A621DBFE3D200EE7FAC /* Info.plist */ = {isa = PBXFileReference; lastKnownFileType = text.plist.xml; path = Info.plist; sourceTree = "<group>"; };
		551B2A681DBFE5F100EE7FAC /* Card.swift */ = {isa = PBXFileReference; fileEncoding = 4; lastKnownFileType = sourcecode.swift; name = Card.swift; path = Model/Card.swift; sourceTree = "<group>"; };
		551B2A6A1DBFE60A00EE7FAC /* PlayingCard.swift */ = {isa = PBXFileReference; fileEncoding = 4; lastKnownFileType = sourcecode.swift; name = PlayingCard.swift; path = Model/PlayingCard.swift; sourceTree = "<group>"; };
		5532C8B41DC7C447006D8478 /* Deck.swift */ = {isa = PBXFileReference; fileEncoding = 4; lastKnownFileType = sourcecode.swift; name = Deck.swift; path = Model/Deck.swift; sourceTree = "<group>"; };
		5532C8B61DC7C456006D8478 /* PlayingCardDeck.swift */ = {isa = PBXFileReference; fileEncoding = 4; lastKnownFileType = sourcecode.swift; name = PlayingCardDeck.swift; path = Model/PlayingCardDeck.swift; sourceTree = "<group>"; };
		55B21BCF1DC27DB6005A7AC7 /* CardGameController.swift */ = {isa = PBXFileReference; fileEncoding = 4; lastKnownFileType = sourcecode.swift; name = CardGameController.swift; path = Controller/CardGameController.swift; sourceTree = "<group>"; };
/* End PBXFileReference section */

/* Begin PBXFrameworksBuildPhase section */
		551B2A501DBFE3D200EE7FAC /* Frameworks */ = {
			isa = PBXFrameworksBuildPhase;
			buildActionMask = 2147483647;
			files = (
			);
			runOnlyForDeploymentPostprocessing = 0;
		};
/* End PBXFrameworksBuildPhase section */

/* Begin PBXGroup section */
		551B2A4A1DBFE3D200EE7FAC = {
			isa = PBXGroup;
			children = (
				551B2A551DBFE3D200EE7FAC /* CardGame */,
				551B2A541DBFE3D200EE7FAC /* Products */,
			);
			sourceTree = "<group>";
		};
		551B2A541DBFE3D200EE7FAC /* Products */ = {
			isa = PBXGroup;
			children = (
				551B2A531DBFE3D200EE7FAC /* CardGame.app */,
			);
			name = Products;
			sourceTree = "<group>";
		};
		551B2A551DBFE3D200EE7FAC /* CardGame */ = {
			isa = PBXGroup;
			children = (
				551B2A561DBFE3D200EE7FAC /* AppDelegate.swift */,
				551B2A6D1DBFE69F00EE7FAC /* View */,
				551B2A621DBFE3D200EE7FAC /* Info.plist */,
				551B2A6C1DBFE66100EE7FAC /* Model */,
				55B21BD11DC27DC2005A7AC7 /* Controller */,
			);
			path = CardGame;
			sourceTree = "<group>";
		};
		551B2A6C1DBFE66100EE7FAC /* Model */ = {
			isa = PBXGroup;
			children = (
				551B2A681DBFE5F100EE7FAC /* Card.swift */,
				5532C8B41DC7C447006D8478 /* Deck.swift */,
				5532C8B61DC7C456006D8478 /* PlayingCardDeck.swift */,
				551B2A6A1DBFE60A00EE7FAC /* PlayingCard.swift */,
			);
			name = Model;
			sourceTree = "<group>";
		};
		551B2A6D1DBFE69F00EE7FAC /* View */ = {
			isa = PBXGroup;
			children = (
				551B2A5A1DBFE3D200EE7FAC /* Main.storyboard */,
				551B2A5D1DBFE3D200EE7FAC /* Assets.xcassets */,
				551B2A5F1DBFE3D200EE7FAC /* LaunchScreen.storyboard */,
			);
			name = View;
			sourceTree = "<group>";
		};
		55B21BD11DC27DC2005A7AC7 /* Controller */ = {
			isa = PBXGroup;
			children = (
				55B21BCF1DC27DB6005A7AC7 /* CardGameController.swift */,
			);
			name = Controller;
			sourceTree = "<group>";
		};
/* End PBXGroup section */

/* Begin PBXNativeTarget section */
		551B2A521DBFE3D200EE7FAC /* CardGame */ = {
			isa = PBXNativeTarget;
			buildConfigurationList = 551B2A651DBFE3D200EE7FAC /* Build configuration list for PBXNativeTarget "CardGame" */;
			buildPhases = (
				551B2A4F1DBFE3D200EE7FAC /* Sources */,
				551B2A501DBFE3D200EE7FAC /* Frameworks */,
				551B2A511DBFE3D200EE7FAC /* Resources */,
			);
			buildRules = (
			);
			dependencies = (
			);
			name = CardGame;
			productName = CardGame;
			productReference = 551B2A531DBFE3D200EE7FAC /* CardGame.app */;
			productType = "com.apple.product-type.application";
		};
/* End PBXNativeTarget section */

/* Begin PBXProject section */
		551B2A4B1DBFE3D200EE7FAC /* Project object */ = {
			isa = PBXProject;
			attributes = {
				LastSwiftUpdateCheck = 0720;
				LastUpgradeCheck = 0720;
				ORGANIZATIONNAME = "Just A Prank";
				TargetAttributes = {
					551B2A521DBFE3D200EE7FAC = {
						CreatedOnToolsVersion = 7.2;
					};
				};
			};
			buildConfigurationList = 551B2A4E1DBFE3D200EE7FAC /* Build configuration list for PBXProject "CardGame" */;
			compatibilityVersion = "Xcode 3.2";
			developmentRegion = English;
			hasScannedForEncodings = 0;
			knownRegions = (
				en,
				Base,
			);
			mainGroup = 551B2A4A1DBFE3D200EE7FAC;
			productRefGroup = 551B2A541DBFE3D200EE7FAC /* Products */;
			projectDirPath = "";
			projectRoot = "";
			targets = (
				551B2A521DBFE3D200EE7FAC /* CardGame */,
			);
		};
/* End PBXProject section */

/* Begin PBXResourcesBuildPhase section */
		551B2A511DBFE3D200EE7FAC /* Resources */ = {
			isa = PBXResourcesBuildPhase;
			buildActionMask = 2147483647;
			files = (
				551B2A611DBFE3D200EE7FAC /* LaunchScreen.storyboard in Resources */,
				551B2A5E1DBFE3D200EE7FAC /* Assets.xcassets in Resources */,
				551B2A5C1DBFE3D200EE7FAC /* Main.storyboard in Resources */,
			);
			runOnlyForDeploymentPostprocessing = 0;
		};
/* End PBXResourcesBuildPhase section */

/* Begin PBXSourcesBuildPhase section */
		551B2A4F1DBFE3D200EE7FAC /* Sources */ = {
			isa = PBXSourcesBuildPhase;
			buildActionMask = 2147483647;
			files = (
				551B2A691DBFE5F100EE7FAC /* Card.swift in Sources */,
				551B2A6B1DBFE60A00EE7FAC /* PlayingCard.swift in Sources */,
				5532C8B51DC7C447006D8478 /* Deck.swift in Sources */,
				5532C8B71DC7C456006D8478 /* PlayingCardDeck.swift in Sources */,
				551B2A571DBFE3D200EE7FAC /* AppDelegate.swift in Sources */,
				55B21BD01DC27DB6005A7AC7 /* CardGameController.swift in Sources */,
			);
			runOnlyForDeploymentPostprocessing = 0;
		};
/* End PBXSourcesBuildPhase section */

/* Begin PBXVariantGroup section */
		551B2A5A1DBFE3D200EE7FAC /* Main.storyboard */ = {
			isa = PBXVariantGroup;
			children = (
				551B2A5B1DBFE3D200EE7FAC /* Base */,
			);
			name = Main.storyboard;
			sourceTree = "<group>";
		};
		551B2A5F1DBFE3D200EE7FAC /* LaunchScreen.storyboard */ = {
			isa = PBXVariantGroup;
			children = (
				551B2A601DBFE3D200EE7FAC /* Base */,
			);
			name = LaunchScreen.storyboard;
			sourceTree = "<group>";
		};
/* End PBXVariantGroup section */

/* Begin XCBuildConfiguration section */
		551B2A631DBFE3D200EE7FAC /* Debug */ = {
			isa = XCBuildConfiguration;
			buildSettings = {
				ALWAYS_SEARCH_USER_PATHS = NO;
				CLANG_CXX_LANGUAGE_STANDARD = "gnu++0x";
				CLANG_CXX_LIBRARY = "libc++";
				CLANG_ENABLE_MODULES = YES;
				CLANG_ENABLE_OBJC_ARC = YES;
				CLANG_WARN_BOOL_CONVERSION = YES;
				CLANG_WARN_CONSTANT_CONVERSION = YES;
				CLANG_WARN_DIRECT_OBJC_ISA_USAGE = YES_ERROR;
				CLANG_WARN_EMPTY_BODY = YES;
				CLANG_WARN_ENUM_CONVERSION = YES;
				CLANG_WARN_INT_CONVERSION = YES;
				CLANG_WARN_OBJC_ROOT_CLASS = YES_ERROR;
				CLANG_WARN_UNREACHABLE_CODE = YES;
				CLANG_WARN__DUPLICATE_METHOD_MATCH = YES;
				"CODE_SIGN_IDENTITY[sdk=iphoneos*]" = "iPhone Developer";
				COPY_PHASE_STRIP = NO;
				DEBUG_INFORMATION_FORMAT = dwarf;
				ENABLE_STRICT_OBJC_MSGSEND = YES;
				ENABLE_TESTABILITY = YES;
				GCC_C_LANGUAGE_STANDARD = gnu99;
				GCC_DYNAMIC_NO_PIC = NO;
				GCC_NO_COMMON_BLOCKS = YES;
				GCC_OPTIMIZATION_LEVEL = 0;
				GCC_PREPROCESSOR_DEFINITIONS = (
					"DEBUG=1",
					"$(inherited)",
				);
				GCC_WARN_64_TO_32_BIT_CONVERSION = YES;
				GCC_WARN_ABOUT_RETURN_TYPE = YES_ERROR;
				GCC_WARN_UNDECLARED_SELECTOR = YES;
				GCC_WARN_UNINITIALIZED_AUTOS = YES_AGGRESSIVE;
				GCC_WARN_UNUSED_FUNCTION = YES;
				GCC_WARN_UNUSED_VARIABLE = YES;
				IPHONEOS_DEPLOYMENT_TARGET = 9.2;
				MTL_ENABLE_DEBUG_INFO = YES;
				ONLY_ACTIVE_ARCH = YES;
				SDKROOT = iphoneos;
				SWIFT_OPTIMIZATION_LEVEL = "-Onone";
				TARGETED_DEVICE_FAMILY = "1,2";
			};
			name = Debug;
		};
		551B2A641DBFE3D200EE7FAC /* Release */ = {
			isa = XCBuildConfiguration;
			buildSettings = {
				ALWAYS_SEARCH_USER_PATHS = NO;
				CLANG_CXX_LANGUAGE_STANDARD = "gnu++0x";
				CLANG_CXX_LIBRARY = "libc++";
				CLANG_ENABLE_MODULES = YES;
				CLANG_ENABLE_OBJC_ARC = YES;
				CLANG_WARN_BOOL_CONVERSION = YES;
				CLANG_WARN_CONSTANT_CONVERSION = YES;
				CLANG_WARN_DIRECT_OBJC_ISA_USAGE = YES_ERROR;
				CLANG_WARN_EMPTY_BODY = YES;
				CLANG_WARN_ENUM_CONVERSION = YES;
				CLANG_WARN_INT_CONVERSION = YES;
				CLANG_WARN_OBJC_ROOT_CLASS = YES_ERROR;
				CLANG_WARN_UNREACHABLE_CODE = YES;
				CLANG_WARN__DUPLICATE_METHOD_MATCH = YES;
				"CODE_SIGN_IDENTITY[sdk=iphoneos*]" = "iPhone Developer";
				COPY_PHASE_STRIP = NO;
				DEBUG_INFORMATION_FORMAT = "dwarf-with-dsym";
				ENABLE_NS_ASSERTIONS = NO;
				ENABLE_STRICT_OBJC_MSGSEND = YES;
				GCC_C_LANGUAGE_STANDARD = gnu99;
				GCC_NO_COMMON_BLOCKS = YES;
				GCC_WARN_64_TO_32_BIT_CONVERSION = YES;
				GCC_WARN_ABOUT_RETURN_TYPE = YES_ERROR;
				GCC_WARN_UNDECLARED_SELECTOR = YES;
				GCC_WARN_UNINITIALIZED_AUTOS = YES_AGGRESSIVE;
				GCC_WARN_UNUSED_FUNCTION = YES;
				GCC_WARN_UNUSED_VARIABLE = YES;
				IPHONEOS_DEPLOYMENT_TARGET = 9.2;
				MTL_ENABLE_DEBUG_INFO = NO;
				SDKROOT = iphoneos;
				TARGETED_DEVICE_FAMILY = "1,2";
				VALIDATE_PRODUCT = YES;
			};
			name = Release;
		};
		551B2A661DBFE3D200EE7FAC /* Debug */ = {
			isa = XCBuildConfiguration;
			buildSettings = {
				ASSETCATALOG_COMPILER_APPICON_NAME = AppIcon;
				INFOPLIST_FILE = CardGame/Info.plist;
				LD_RUNPATH_SEARCH_PATHS = "$(inherited) @executable_path/Frameworks";
				PRODUCT_BUNDLE_IDENTIFIER = JAP.CardGame;
				PRODUCT_NAME = "$(TARGET_NAME)";
			};
			name = Debug;
		};
		551B2A671DBFE3D200EE7FAC /* Release */ = {
			isa = XCBuildConfiguration;
			buildSettings = {
				ASSETCATALOG_COMPILER_APPICON_NAME = AppIcon;
				INFOPLIST_FILE = CardGame/Info.plist;
				LD_RUNPATH_SEARCH_PATHS = "$(inherited) @executable_path/Frameworks";
				PRODUCT_BUNDLE_IDENTIFIER = JAP.CardGame;
				PRODUCT_NAME = "$(TARGET_NAME)";
			};
			name = Release;
		};
/* End XCBuildConfiguration section */

/* Begin XCConfigurationList section */
		551B2A4E1DBFE3D200EE7FAC /* Build configuration list for PBXProject "CardGame" */ = {
			isa = XCConfigurationList;
			buildConfigurations = (
				551B2A631DBFE3D200EE7FAC /* Debug */,
				551B2A641DBFE3D200EE7FAC /* Release */,
			);
			defaultConfigurationIsVisible = 0;
			defaultConfigurationName = Release;
		};
		551B2A651DBFE3D200EE7FAC /* Build configuration list for PBXNativeTarget "CardGame" */ = {
			isa = XCConfigurationList;
			buildConfigurations = (
				551B2A661DBFE3D200EE7FAC /* Debug */,
				551B2A671DBFE3D200EE7FAC /* Release */,
			);
			defaultConfigurationIsVisible = 0;
			defaultConfigurationName = Release;
		};
/* End XCConfigurationList section */
	};
	rootObject = 551B2A4B1DBFE3D200EE7FAC /* Project object */;
}
